// !$*UTF8*$!
{
	archiveVersion = 1;
	classes = {
	};
	objectVersion = 56;
	objects = {

/* Begin PBXBuildFile section */
		7D5BA8D32C9447C500DE2A4A /* CDUser+CoreDataClass.swift in Sources */ = {isa = PBXBuildFile; fileRef = 7D5BA8CF2C9447C500DE2A4A /* CDUser+CoreDataClass.swift */; };
		7D5BA8D42C9447C500DE2A4A /* CDUser+CoreDataProperties.swift in Sources */ = {isa = PBXBuildFile; fileRef = 7D5BA8D02C9447C500DE2A4A /* CDUser+CoreDataProperties.swift */; };
		7D5BA8D52C9447C500DE2A4A /* CDTodoItem+CoreDataClass.swift in Sources */ = {isa = PBXBuildFile; fileRef = 7D5BA8D12C9447C500DE2A4A /* CDTodoItem+CoreDataClass.swift */; };
		7D5BA8D62C9447C500DE2A4A /* CDTodoItem+CoreDataProperties.swift in Sources */ = {isa = PBXBuildFile; fileRef = 7D5BA8D22C9447C500DE2A4A /* CDTodoItem+CoreDataProperties.swift */; };
		7D922D3E2C931A1800A9E43F /* Todo_EffectiveMobileApp.swift in Sources */ = {isa = PBXBuildFile; fileRef = 7D922D3D2C931A1800A9E43F /* Todo_EffectiveMobileApp.swift */; };
		7D922D402C931A1800A9E43F /* ContentView.swift in Sources */ = {isa = PBXBuildFile; fileRef = 7D922D3F2C931A1800A9E43F /* ContentView.swift */; };
		7D922D422C931A1900A9E43F /* Assets.xcassets in Resources */ = {isa = PBXBuildFile; fileRef = 7D922D412C931A1900A9E43F /* Assets.xcassets */; };
		7D922D462C931A1900A9E43F /* Preview Assets.xcassets in Resources */ = {isa = PBXBuildFile; fileRef = 7D922D452C931A1900A9E43F /* Preview Assets.xcassets */; };
		7D9723092C93216300D9ACB1 /* Persistence.swift in Sources */ = {isa = PBXBuildFile; fileRef = 7DB5D92C2C931CBB00A51CA6 /* Persistence.swift */; };
		7D97230C2C9322A400D9ACB1 /* Model.xcdatamodeld in Sources */ = {isa = PBXBuildFile; fileRef = 7D97230A2C9322A400D9ACB1 /* Model.xcdatamodeld */; };
/* End PBXBuildFile section */

/* Begin PBXFileReference section */
		7D5BA8CF2C9447C500DE2A4A /* CDUser+CoreDataClass.swift */ = {isa = PBXFileReference; lastKnownFileType = sourcecode.swift; path = "CDUser+CoreDataClass.swift"; sourceTree = "<group>"; };
		7D5BA8D02C9447C500DE2A4A /* CDUser+CoreDataProperties.swift */ = {isa = PBXFileReference; lastKnownFileType = sourcecode.swift; path = "CDUser+CoreDataProperties.swift"; sourceTree = "<group>"; };
		7D5BA8D12C9447C500DE2A4A /* CDTodoItem+CoreDataClass.swift */ = {isa = PBXFileReference; lastKnownFileType = sourcecode.swift; path = "CDTodoItem+CoreDataClass.swift"; sourceTree = "<group>"; };
		7D5BA8D22C9447C500DE2A4A /* CDTodoItem+CoreDataProperties.swift */ = {isa = PBXFileReference; lastKnownFileType = sourcecode.swift; path = "CDTodoItem+CoreDataProperties.swift"; sourceTree = "<group>"; };
		7D922D3A2C931A1800A9E43F /* Todo-EffectiveMobile.app */ = {isa = PBXFileReference; explicitFileType = wrapper.application; includeInIndex = 0; path = "Todo-EffectiveMobile.app"; sourceTree = BUILT_PRODUCTS_DIR; };
		7D922D3D2C931A1800A9E43F /* Todo_EffectiveMobileApp.swift */ = {isa = PBXFileReference; lastKnownFileType = sourcecode.swift; path = Todo_EffectiveMobileApp.swift; sourceTree = "<group>"; };
		7D922D3F2C931A1800A9E43F /* ContentView.swift */ = {isa = PBXFileReference; lastKnownFileType = sourcecode.swift; path = ContentView.swift; sourceTree = "<group>"; };
		7D922D412C931A1900A9E43F /* Assets.xcassets */ = {isa = PBXFileReference; lastKnownFileType = folder.assetcatalog; path = Assets.xcassets; sourceTree = "<group>"; };
		7D922D432C931A1900A9E43F /* Todo_EffectiveMobile.entitlements */ = {isa = PBXFileReference; lastKnownFileType = text.plist.entitlements; path = Todo_EffectiveMobile.entitlements; sourceTree = "<group>"; };
		7D922D452C931A1900A9E43F /* Preview Assets.xcassets */ = {isa = PBXFileReference; lastKnownFileType = folder.assetcatalog; path = "Preview Assets.xcassets"; sourceTree = "<group>"; };
		7D97230B2C9322A400D9ACB1 /* Model.xcdatamodel */ = {isa = PBXFileReference; lastKnownFileType = wrapper.xcdatamodel; path = Model.xcdatamodel; sourceTree = "<group>"; };
		7DB5D9262C931B9100A51CA6 /* Model.xcdatamodel */ = {isa = PBXFileReference; lastKnownFileType = wrapper.xcdatamodel; path = Model.xcdatamodel; sourceTree = "<group>"; };
		7DB5D92C2C931CBB00A51CA6 /* Persistence.swift */ = {isa = PBXFileReference; lastKnownFileType = sourcecode.swift; path = Persistence.swift; sourceTree = "<group>"; };
/* End PBXFileReference section */

/* Begin PBXFrameworksBuildPhase section */
		7D922D372C931A1800A9E43F /* Frameworks */ = {
			isa = PBXFrameworksBuildPhase;
			buildActionMask = 2147483647;
			files = (
			);
			runOnlyForDeploymentPostprocessing = 0;
		};
/* End PBXFrameworksBuildPhase section */

/* Begin PBXGroup section */
		7D61250A2C93237200CFC179 /* managedObjects */ = {
			isa = PBXGroup;
			children = (
				7D5BA8CF2C9447C500DE2A4A /* CDUser+CoreDataClass.swift */,
				7D5BA8D02C9447C500DE2A4A /* CDUser+CoreDataProperties.swift */,
				7D5BA8D12C9447C500DE2A4A /* CDTodoItem+CoreDataClass.swift */,
				7D5BA8D22C9447C500DE2A4A /* CDTodoItem+CoreDataProperties.swift */,
			);
			path = managedObjects;
			sourceTree = "<group>";
		};
		7D922D312C931A1800A9E43F = {
			isa = PBXGroup;
			children = (
				7D922D3C2C931A1800A9E43F /* Todo-EffectiveMobile */,
				7D922D3B2C931A1800A9E43F /* Products */,
			);
			sourceTree = "<group>";
		};
		7D922D3B2C931A1800A9E43F /* Products */ = {
			isa = PBXGroup;
			children = (
				7D922D3A2C931A1800A9E43F /* Todo-EffectiveMobile.app */,
			);
			name = Products;
			sourceTree = "<group>";
		};
		7D922D3C2C931A1800A9E43F /* Todo-EffectiveMobile */ = {
			isa = PBXGroup;
			children = (
				7DB5D92B2C931BDB00A51CA6 /* coreData */,
				7D922D3D2C931A1800A9E43F /* Todo_EffectiveMobileApp.swift */,
				7D922D3F2C931A1800A9E43F /* ContentView.swift */,
				7D922D412C931A1900A9E43F /* Assets.xcassets */,
				7D922D432C931A1900A9E43F /* Todo_EffectiveMobile.entitlements */,
				7D922D442C931A1900A9E43F /* Preview Content */,
			);
			path = "Todo-EffectiveMobile";
			sourceTree = "<group>";
		};
		7D922D442C931A1900A9E43F /* Preview Content */ = {
			isa = PBXGroup;
			children = (
				7DB5D9252C931B9100A51CA6 /* Model.xcdatamodeld */,
				7D922D452C931A1900A9E43F /* Preview Assets.xcassets */,
			);
			path = "Preview Content";
			sourceTree = "<group>";
		};
		7DB5D92B2C931BDB00A51CA6 /* coreData */ = {
			isa = PBXGroup;
			children = (
				7D61250A2C93237200CFC179 /* managedObjects */,
				7DB5D92C2C931CBB00A51CA6 /* Persistence.swift */,
				7D97230A2C9322A400D9ACB1 /* Model.xcdatamodeld */,
			);
			path = coreData;
			sourceTree = "<group>";
		};
/* End PBXGroup section */

/* Begin PBXNativeTarget section */
		7D922D392C931A1800A9E43F /* Todo-EffectiveMobile */ = {
			isa = PBXNativeTarget;
			buildConfigurationList = 7D922D492C931A1900A9E43F /* Build configuration list for PBXNativeTarget "Todo-EffectiveMobile" */;
			buildPhases = (
				7D922D362C931A1800A9E43F /* Sources */,
				7D922D372C931A1800A9E43F /* Frameworks */,
				7D922D382C931A1800A9E43F /* Resources */,
			);
			buildRules = (
			);
			dependencies = (
			);
			name = "Todo-EffectiveMobile";
			productName = "Todo-EffectiveMobile";
			productReference = 7D922D3A2C931A1800A9E43F /* Todo-EffectiveMobile.app */;
			productType = "com.apple.product-type.application";
		};
/* End PBXNativeTarget section */

/* Begin PBXProject section */
		7D922D322C931A1800A9E43F /* Project object */ = {
			isa = PBXProject;
			attributes = {
				BuildIndependentTargetsInParallel = 1;
				LastSwiftUpdateCheck = 1540;
				LastUpgradeCheck = 1540;
				TargetAttributes = {
					7D922D392C931A1800A9E43F = {
						CreatedOnToolsVersion = 15.4;
					};
				};
			};
			buildConfigurationList = 7D922D352C931A1800A9E43F /* Build configuration list for PBXProject "Todo-EffectiveMobile" */;
			compatibilityVersion = "Xcode 14.0";
			developmentRegion = en;
			hasScannedForEncodings = 0;
			knownRegions = (
				en,
				Base,
			);
			mainGroup = 7D922D312C931A1800A9E43F;
			productRefGroup = 7D922D3B2C931A1800A9E43F /* Products */;
			projectDirPath = "";
			projectRoot = "";
			targets = (
				7D922D392C931A1800A9E43F /* Todo-EffectiveMobile */,
			);
		};
/* End PBXProject section */

/* Begin PBXResourcesBuildPhase section */
		7D922D382C931A1800A9E43F /* Resources */ = {
			isa = PBXResourcesBuildPhase;
			buildActionMask = 2147483647;
			files = (
				7D922D462C931A1900A9E43F /* Preview Assets.xcassets in Resources */,
				7D922D422C931A1900A9E43F /* Assets.xcassets in Resources */,
			);
			runOnlyForDeploymentPostprocessing = 0;
		};
/* End PBXResourcesBuildPhase section */

/* Begin PBXSourcesBuildPhase section */
		7D922D362C931A1800A9E43F /* Sources */ = {
			isa = PBXSourcesBuildPhase;
			buildActionMask = 2147483647;
			files = (
				7D9723092C93216300D9ACB1 /* Persistence.swift in Sources */,
				7D922D402C931A1800A9E43F /* ContentView.swift in Sources */,
				7D922D3E2C931A1800A9E43F /* Todo_EffectiveMobileApp.swift in Sources */,
				7D5BA8D32C9447C500DE2A4A /* CDUser+CoreDataClass.swift in Sources */,
				7D5BA8D42C9447C500DE2A4A /* CDUser+CoreDataProperties.swift in Sources */,
				7D5BA8D52C9447C500DE2A4A /* CDTodoItem+CoreDataClass.swift in Sources */,
				7D5BA8D62C9447C500DE2A4A /* CDTodoItem+CoreDataProperties.swift in Sources */,
				7D97230C2C9322A400D9ACB1 /* Model.xcdatamodeld in Sources */,
			);
			runOnlyForDeploymentPostprocessing = 0;
		};
/* End PBXSourcesBuildPhase section */

/* Begin XCBuildConfiguration section */
		7D922D472C931A1900A9E43F /* Debug */ = {
			isa = XCBuildConfiguration;
			buildSettings = {
				ALWAYS_SEARCH_USER_PATHS = NO;
				ASSETCATALOG_COMPILER_GENERATE_SWIFT_ASSET_SYMBOL_EXTENSIONS = YES;
				CLANG_ANALYZER_NONNULL = YES;
				CLANG_ANALYZER_NUMBER_OBJECT_CONVERSION = YES_AGGRESSIVE;
				CLANG_CXX_LANGUAGE_STANDARD = "gnu++20";
				CLANG_ENABLE_MODULES = YES;
				CLANG_ENABLE_OBJC_ARC = YES;
				CLANG_ENABLE_OBJC_WEAK = YES;
				CLANG_WARN_BLOCK_CAPTURE_AUTORELEASING = YES;
				CLANG_WARN_BOOL_CONVERSION = YES;
				CLANG_WARN_COMMA = YES;
				CLANG_WARN_CONSTANT_CONVERSION = YES;
				CLANG_WARN_DEPRECATED_OBJC_IMPLEMENTATIONS = YES;
				CLANG_WARN_DIRECT_OBJC_ISA_USAGE = YES_ERROR;
				CLANG_WARN_DOCUMENTATION_COMMENTS = YES;
				CLANG_WARN_EMPTY_BODY = YES;
				CLANG_WARN_ENUM_CONVERSION = YES;
				CLANG_WARN_INFINITE_RECURSION = YES;
				CLANG_WARN_INT_CONVERSION = YES;
				CLANG_WARN_NON_LITERAL_NULL_CONVERSION = YES;
				CLANG_WARN_OBJC_IMPLICIT_RETAIN_SELF = YES;
				CLANG_WARN_OBJC_LITERAL_CONVERSION = YES;
				CLANG_WARN_OBJC_ROOT_CLASS = YES_ERROR;
				CLANG_WARN_QUOTED_INCLUDE_IN_FRAMEWORK_HEADER = YES;
				CLANG_WARN_RANGE_LOOP_ANALYSIS = YES;
				CLANG_WARN_STRICT_PROTOTYPES = YES;
				CLANG_WARN_SUSPICIOUS_MOVE = YES;
				CLANG_WARN_UNGUARDED_AVAILABILITY = YES_AGGRESSIVE;
				CLANG_WARN_UNREACHABLE_CODE = YES;
				CLANG_WARN__DUPLICATE_METHOD_MATCH = YES;
				COPY_PHASE_STRIP = NO;
				DEBUG_INFORMATION_FORMAT = dwarf;
				ENABLE_STRICT_OBJC_MSGSEND = YES;
				ENABLE_TESTABILITY = YES;
				ENABLE_USER_SCRIPT_SANDBOXING = YES;
				GCC_C_LANGUAGE_STANDARD = gnu17;
				GCC_DYNAMIC_NO_PIC = NO;
				GCC_NO_COMMON_BLOCKS = YES;
				GCC_OPTIMIZATION_LEVEL = 0;
				GCC_PREPROCESSOR_DEFINITIONS = (
					"DEBUG=1",
					"$(inherited)",
				);
				GCC_WARN_64_TO_32_BIT_CONVERSION = YES;
				GCC_WARN_ABOUT_RETURN_TYPE = YES_ERROR;
				GCC_WARN_UNDECLARED_SELECTOR = YES;
				GCC_WARN_UNINITIALIZED_AUTOS = YES_AGGRESSIVE;
				GCC_WARN_UNUSED_FUNCTION = YES;
				GCC_WARN_UNUSED_VARIABLE = YES;
				IPHONEOS_DEPLOYMENT_TARGET = 15.0;
				LOCALIZATION_PREFERS_STRING_CATALOGS = YES;
				MTL_ENABLE_DEBUG_INFO = INCLUDE_SOURCE;
				MTL_FAST_MATH = YES;
				ONLY_ACTIVE_ARCH = YES;
				SWIFT_ACTIVE_COMPILATION_CONDITIONS = "DEBUG $(inherited)";
				SWIFT_OPTIMIZATION_LEVEL = "-Onone";
			};
			name = Debug;
		};
		7D922D482C931A1900A9E43F /* Release */ = {
			isa = XCBuildConfiguration;
			buildSettings = {
				ALWAYS_SEARCH_USER_PATHS = NO;
				ASSETCATALOG_COMPILER_GENERATE_SWIFT_ASSET_SYMBOL_EXTENSIONS = YES;
				CLANG_ANALYZER_NONNULL = YES;
				CLANG_ANALYZER_NUMBER_OBJECT_CONVERSION = YES_AGGRESSIVE;
				CLANG_CXX_LANGUAGE_STANDARD = "gnu++20";
				CLANG_ENABLE_MODULES = YES;
				CLANG_ENABLE_OBJC_ARC = YES;
				CLANG_ENABLE_OBJC_WEAK = YES;
				CLANG_WARN_BLOCK_CAPTURE_AUTORELEASING = YES;
				CLANG_WARN_BOOL_CONVERSION = YES;
				CLANG_WARN_COMMA = YES;
				CLANG_WARN_CONSTANT_CONVERSION = YES;
				CLANG_WARN_DEPRECATED_OBJC_IMPLEMENTATIONS = YES;
				CLANG_WARN_DIRECT_OBJC_ISA_USAGE = YES_ERROR;
				CLANG_WARN_DOCUMENTATION_COMMENTS = YES;
				CLANG_WARN_EMPTY_BODY = YES;
				CLANG_WARN_ENUM_CONVERSION = YES;
				CLANG_WARN_INFINITE_RECURSION = YES;
				CLANG_WARN_INT_CONVERSION = YES;
				CLANG_WARN_NON_LITERAL_NULL_CONVERSION = YES;
				CLANG_WARN_OBJC_IMPLICIT_RETAIN_SELF = YES;
				CLANG_WARN_OBJC_LITERAL_CONVERSION = YES;
				CLANG_WARN_OBJC_ROOT_CLASS = YES_ERROR;
				CLANG_WARN_QUOTED_INCLUDE_IN_FRAMEWORK_HEADER = YES;
				CLANG_WARN_RANGE_LOOP_ANALYSIS = YES;
				CLANG_WARN_STRICT_PROTOTYPES = YES;
				CLANG_WARN_SUSPICIOUS_MOVE = YES;
				CLANG_WARN_UNGUARDED_AVAILABILITY = YES_AGGRESSIVE;
				CLANG_WARN_UNREACHABLE_CODE = YES;
				CLANG_WARN__DUPLICATE_METHOD_MATCH = YES;
				COPY_PHASE_STRIP = NO;
				DEBUG_INFORMATION_FORMAT = "dwarf-with-dsym";
				ENABLE_NS_ASSERTIONS = NO;
				ENABLE_STRICT_OBJC_MSGSEND = YES;
				ENABLE_USER_SCRIPT_SANDBOXING = YES;
				GCC_C_LANGUAGE_STANDARD = gnu17;
				GCC_NO_COMMON_BLOCKS = YES;
				GCC_WARN_64_TO_32_BIT_CONVERSION = YES;
				GCC_WARN_ABOUT_RETURN_TYPE = YES_ERROR;
				GCC_WARN_UNDECLARED_SELECTOR = YES;
				GCC_WARN_UNINITIALIZED_AUTOS = YES_AGGRESSIVE;
				GCC_WARN_UNUSED_FUNCTION = YES;
				GCC_WARN_UNUSED_VARIABLE = YES;
				IPHONEOS_DEPLOYMENT_TARGET = 15.0;
				LOCALIZATION_PREFERS_STRING_CATALOGS = YES;
				MTL_ENABLE_DEBUG_INFO = NO;
				MTL_FAST_MATH = YES;
				SWIFT_COMPILATION_MODE = wholemodule;
			};
			name = Release;
		};
		7D922D4A2C931A1900A9E43F /* Debug */ = {
			isa = XCBuildConfiguration;
			buildSettings = {
				ASSETCATALOG_COMPILER_APPICON_NAME = AppIcon;
				ASSETCATALOG_COMPILER_GLOBAL_ACCENT_COLOR_NAME = AccentColor;
				CODE_SIGN_ENTITLEMENTS = "Todo-EffectiveMobile/Todo_EffectiveMobile.entitlements";
				CODE_SIGN_STYLE = Automatic;
				CURRENT_PROJECT_VERSION = 1;
				DEVELOPMENT_ASSET_PATHS = "\"Todo-EffectiveMobile/Preview Content\"";
				DEVELOPMENT_TEAM = M82325R967;
				ENABLE_HARDENED_RUNTIME = YES;
				ENABLE_PREVIEWS = YES;
				GENERATE_INFOPLIST_FILE = YES;
				"INFOPLIST_KEY_UIApplicationSceneManifest_Generation[sdk=iphoneos*]" = YES;
				"INFOPLIST_KEY_UIApplicationSceneManifest_Generation[sdk=iphonesimulator*]" = YES;
				"INFOPLIST_KEY_UIApplicationSupportsIndirectInputEvents[sdk=iphoneos*]" = YES;
				"INFOPLIST_KEY_UIApplicationSupportsIndirectInputEvents[sdk=iphonesimulator*]" = YES;
				"INFOPLIST_KEY_UILaunchScreen_Generation[sdk=iphoneos*]" = YES;
				"INFOPLIST_KEY_UILaunchScreen_Generation[sdk=iphonesimulator*]" = YES;
				"INFOPLIST_KEY_UIStatusBarStyle[sdk=iphoneos*]" = UIStatusBarStyleDefault;
				"INFOPLIST_KEY_UIStatusBarStyle[sdk=iphonesimulator*]" = UIStatusBarStyleDefault;
				INFOPLIST_KEY_UISupportedInterfaceOrientations = UIInterfaceOrientationPortrait;
				INFOPLIST_KEY_UISupportedInterfaceOrientations_iPad = "UIInterfaceOrientationLandscapeLeft UIInterfaceOrientationLandscapeRight UIInterfaceOrientationPortrait";
				IPHONEOS_DEPLOYMENT_TARGET = 15;
				LD_RUNPATH_SEARCH_PATHS = "@executable_path/Frameworks";
				"LD_RUNPATH_SEARCH_PATHS[sdk=macosx*]" = "@executable_path/../Frameworks";
				MACOSX_DEPLOYMENT_TARGET = 14.5;
				MARKETING_VERSION = 1.0;
				PRODUCT_BUNDLE_IDENTIFIER = "fcody.Todo-EffectiveMobile";
				PRODUCT_NAME = "$(TARGET_NAME)";
				SDKROOT = auto;
				SUPPORTED_PLATFORMS = "iphoneos iphonesimulator";
				SUPPORTS_MACCATALYST = NO;
				SWIFT_EMIT_LOC_STRINGS = YES;
				SWIFT_VERSION = 5.0;
				TARGETED_DEVICE_FAMILY = 1;
			};
			name = Debug;
		};
		7D922D4B2C931A1900A9E43F /* Release */ = {
			isa = XCBuildConfiguration;
			buildSettings = {
				ASSETCATALOG_COMPILER_APPICON_NAME = AppIcon;
				ASSETCATALOG_COMPILER_GLOBAL_ACCENT_COLOR_NAME = AccentColor;
				CODE_SIGN_ENTITLEMENTS = "Todo-EffectiveMobile/Todo_EffectiveMobile.entitlements";
				CODE_SIGN_STYLE = Automatic;
				CURRENT_PROJECT_VERSION = 1;
				DEVELOPMENT_ASSET_PATHS = "\"Todo-EffectiveMobile/Preview Content\"";
				DEVELOPMENT_TEAM = M82325R967;
				ENABLE_HARDENED_RUNTIME = YES;
				ENABLE_PREVIEWS = YES;
				GENERATE_INFOPLIST_FILE = YES;
				"INFOPLIST_KEY_UIApplicationSceneManifest_Generation[sdk=iphoneos*]" = YES;
				"INFOPLIST_KEY_UIApplicationSceneManifest_Generation[sdk=iphonesimulator*]" = YES;
				"INFOPLIST_KEY_UIApplicationSupportsIndirectInputEvents[sdk=iphoneos*]" = YES;
				"INFOPLIST_KEY_UIApplicationSupportsIndirectInputEvents[sdk=iphonesimulator*]" = YES;
				"INFOPLIST_KEY_UILaunchScreen_Generation[sdk=iphoneos*]" = YES;
				"INFOPLIST_KEY_UILaunchScreen_Generation[sdk=iphonesimulator*]" = YES;
				"INFOPLIST_KEY_UIStatusBarStyle[sdk=iphoneos*]" = UIStatusBarStyleDefault;
				"INFOPLIST_KEY_UIStatusBarStyle[sdk=iphonesimulator*]" = UIStatusBarStyleDefault;
				INFOPLIST_KEY_UISupportedInterfaceOrientations = UIInterfaceOrientationPortrait;
				INFOPLIST_KEY_UISupportedInterfaceOrientations_iPad = "UIInterfaceOrientationLandscapeLeft UIInterfaceOrientationLandscapeRight UIInterfaceOrientationPortrait";
				IPHONEOS_DEPLOYMENT_TARGET = 15;
				LD_RUNPATH_SEARCH_PATHS = "@executable_path/Frameworks";
				"LD_RUNPATH_SEARCH_PATHS[sdk=macosx*]" = "@executable_path/../Frameworks";
				MACOSX_DEPLOYMENT_TARGET = 14.5;
				MARKETING_VERSION = 1.0;
				PRODUCT_BUNDLE_IDENTIFIER = "fcody.Todo-EffectiveMobile";
				PRODUCT_NAME = "$(TARGET_NAME)";
				SDKROOT = auto;
				SUPPORTED_PLATFORMS = "iphoneos iphonesimulator";
				SUPPORTS_MACCATALYST = NO;
				SWIFT_EMIT_LOC_STRINGS = YES;
				SWIFT_VERSION = 5.0;
				TARGETED_DEVICE_FAMILY = 1;
			};
			name = Release;
		};
/* End XCBuildConfiguration section */

/* Begin XCConfigurationList section */
		7D922D352C931A1800A9E43F /* Build configuration list for PBXProject "Todo-EffectiveMobile" */ = {
			isa = XCConfigurationList;
			buildConfigurations = (
				7D922D472C931A1900A9E43F /* Debug */,
				7D922D482C931A1900A9E43F /* Release */,
			);
			defaultConfigurationIsVisible = 0;
			defaultConfigurationName = Release;
		};
		7D922D492C931A1900A9E43F /* Build configuration list for PBXNativeTarget "Todo-EffectiveMobile" */ = {
			isa = XCConfigurationList;
			buildConfigurations = (
				7D922D4A2C931A1900A9E43F /* Debug */,
				7D922D4B2C931A1900A9E43F /* Release */,
			);
			defaultConfigurationIsVisible = 0;
			defaultConfigurationName = Release;
		};
/* End XCConfigurationList section */

/* Begin XCVersionGroup section */
		7D97230A2C9322A400D9ACB1 /* Model.xcdatamodeld */ = {
			isa = XCVersionGroup;
			children = (
				7D97230B2C9322A400D9ACB1 /* Model.xcdatamodel */,
			);
			currentVersion = 7D97230B2C9322A400D9ACB1 /* Model.xcdatamodel */;
			name = Model.xcdatamodeld;
			path = "/Users/fcody/Desktop/Swift/iOS-test-assignment-Effective-Mobile/Todo-EffectiveMobile/coreData/Model.xcdatamodeld";
			sourceTree = "<group>";
			versionGroupType = wrapper.xcdatamodel;
		};
		7DB5D9252C931B9100A51CA6 /* Model.xcdatamodeld */ = {
			isa = XCVersionGroup;
			children = (
				7DB5D9262C931B9100A51CA6 /* Model.xcdatamodel */,
			);
			currentVersion = 7DB5D9262C931B9100A51CA6 /* Model.xcdatamodel */;
			name = Model.xcdatamodeld;
			path = "/Users/fcody/Desktop/Swift/iOS-test-assignment-Effective-Mobile/Todo-EffectiveMobile/Model.xcdatamodeld";
			sourceTree = "<group>";
			versionGroupType = wrapper.xcdatamodel;
		};
/* End XCVersionGroup section */
	};
	rootObject = 7D922D322C931A1800A9E43F /* Project object */;
}
